
Microsoft Visual Studio Solution File, Format Version 12.00
# Visual Studio Version 17
VisualStudioVersion = 17.11.35312.102
MinimumVisualStudioVersion = 10.0.40219.1
Project("{8BC9CEB8-8B4A-11D0-8D11-00A0C91BC942}") = "HelloWorld", "HelloWorld\HelloWorld.vcxproj", "{0F37966F-D6D5-43E6-9B86-3BD35FE8DEA4}"
EndProject
Project("{8BC9CEB8-8B4A-11D0-8D11-00A0C91BC942}") = "Assignment1", "Assignment1\Assignment1.vcxproj", "{6EE98F39-FEAE-4675-BA44-62ADDAE30079}"
EndProject
Project("{8BC9CEB8-8B4A-11D0-8D11-00A0C91BC942}") = "Assignment2Pointers", "Assignment2Pointers\Assignment2Pointers.vcxproj", "{5D02BA74-AC82-42F7-82DF-57AAB7B1D8B6}"
EndProject
Project("{8BC9CEB8-8B4A-11D0-8D11-00A0C91BC942}") = "Exercise1", "Exercise1\Exercise1.vcxproj", "{EF1E51C5-EF48-4FF3-AC9C-7BD30E38056F}"
EndProject
Project("{8BC9CEB8-8B4A-11D0-8D11-00A0C91BC942}") = "Exercise2", "Exercise2\Exercise2.vcxproj", "{02C0D6EC-0C30-4512-8F6A-3F79AEF15E40}"
EndProject
Project("{8BC9CEB8-8B4A-11D0-8D11-00A0C91BC942}") = "Exercise3", "Exercise3\Exercise3.vcxproj", "{8DC71585-2362-45BA-AA7E-4DFBD2187A3E}"
EndProject
Project("{8BC9CEB8-8B4A-11D0-8D11-00A0C91BC942}") = "Exercise4", "Exercise4\Exercise4.vcxproj", "{0273FB2E-1FEA-4533-96F4-20AF41890097}"
EndProject
Project("{8BC9CEB8-8B4A-11D0-8D11-00A0C91BC942}") = "Exercise5", "Exercise5\Exercise5.vcxproj", "{46DB5C89-D9EB-4686-B0CF-3D73F0D98769}"
EndProject
Project("{8BC9CEB8-8B4A-11D0-8D11-00A0C91BC942}") = "Exercise6", "Exercise6\Exercise6.vcxproj", "{76F77B85-E368-49BB-8E8B-01B0DFDFD1AC}"
EndProject
Global
	GlobalSection(SolutionConfigurationPlatforms) = preSolution
		Debug|x64 = Debug|x64
		Debug|x86 = Debug|x86
		Release|x64 = Release|x64
		Release|x86 = Release|x86
	EndGlobalSection
	GlobalSection(ProjectConfigurationPlatforms) = postSolution
		{0F37966F-D6D5-43E6-9B86-3BD35FE8DEA4}.Debug|x64.ActiveCfg = Debug|x64
		{0F37966F-D6D5-43E6-9B86-3BD35FE8DEA4}.Debug|x64.Build.0 = Debug|x64
		{0F37966F-D6D5-43E6-9B86-3BD35FE8DEA4}.Debug|x86.ActiveCfg = Debug|Win32
		{0F37966F-D6D5-43E6-9B86-3BD35FE8DEA4}.Debug|x86.Build.0 = Debug|Win32
		{0F37966F-D6D5-43E6-9B86-3BD35FE8DEA4}.Release|x64.ActiveCfg = Release|x64
		{0F37966F-D6D5-43E6-9B86-3BD35FE8DEA4}.Release|x64.Build.0 = Release|x64
		{0F37966F-D6D5-43E6-9B86-3BD35FE8DEA4}.Release|x86.ActiveCfg = Release|Win32
		{0F37966F-D6D5-43E6-9B86-3BD35FE8DEA4}.Release|x86.Build.0 = Release|Win32
		{6EE98F39-FEAE-4675-BA44-62ADDAE30079}.Debug|x64.ActiveCfg = Debug|x64
		{6EE98F39-FEAE-4675-BA44-62ADDAE30079}.Debug|x64.Build.0 = Debug|x64
		{6EE98F39-FEAE-4675-BA44-62ADDAE30079}.Debug|x86.ActiveCfg = Debug|Win32
		{6EE98F39-FEAE-4675-BA44-62ADDAE30079}.Debug|x86.Build.0 = Debug|Win32
		{6EE98F39-FEAE-4675-BA44-62ADDAE30079}.Release|x64.ActiveCfg = Release|x64
		{6EE98F39-FEAE-4675-BA44-62ADDAE30079}.Release|x64.Build.0 = Release|x64
		{6EE98F39-FEAE-4675-BA44-62ADDAE30079}.Release|x86.ActiveCfg = Release|Win32
		{6EE98F39-FEAE-4675-BA44-62ADDAE30079}.Release|x86.Build.0 = Release|Win32
		{5D02BA74-AC82-42F7-82DF-57AAB7B1D8B6}.Debug|x64.ActiveCfg = Debug|x64
		{5D02BA74-AC82-42F7-82DF-57AAB7B1D8B6}.Debug|x64.Build.0 = Debug|x64
		{5D02BA74-AC82-42F7-82DF-57AAB7B1D8B6}.Debug|x86.ActiveCfg = Debug|Win32
		{5D02BA74-AC82-42F7-82DF-57AAB7B1D8B6}.Debug|x86.Build.0 = Debug|Win32
		{5D02BA74-AC82-42F7-82DF-57AAB7B1D8B6}.Release|x64.ActiveCfg = Release|x64
		{5D02BA74-AC82-42F7-82DF-57AAB7B1D8B6}.Release|x64.Build.0 = Release|x64
		{5D02BA74-AC82-42F7-82DF-57AAB7B1D8B6}.Release|x86.ActiveCfg = Release|Win32
		{5D02BA74-AC82-42F7-82DF-57AAB7B1D8B6}.Release|x86.Build.0 = Release|Win32
		{EF1E51C5-EF48-4FF3-AC9C-7BD30E38056F}.Debug|x64.ActiveCfg = Debug|x64
		{EF1E51C5-EF48-4FF3-AC9C-7BD30E38056F}.Debug|x64.Build.0 = Debug|x64
		{EF1E51C5-EF48-4FF3-AC9C-7BD30E38056F}.Debug|x86.ActiveCfg = Debug|Win32
		{EF1E51C5-EF48-4FF3-AC9C-7BD30E38056F}.Debug|x86.Build.0 = Debug|Win32
		{EF1E51C5-EF48-4FF3-AC9C-7BD30E38056F}.Release|x64.ActiveCfg = Release|x64
		{EF1E51C5-EF48-4FF3-AC9C-7BD30E38056F}.Release|x64.Build.0 = Release|x64
		{EF1E51C5-EF48-4FF3-AC9C-7BD30E38056F}.Release|x86.ActiveCfg = Release|Win32
		{EF1E51C5-EF48-4FF3-AC9C-7BD30E38056F}.Release|x86.Build.0 = Release|Win32
		{02C0D6EC-0C30-4512-8F6A-3F79AEF15E40}.Debug|x64.ActiveCfg = Debug|x64
		{02C0D6EC-0C30-4512-8F6A-3F79AEF15E40}.Debug|x64.Build.0 = Debug|x64
		{02C0D6EC-0C30-4512-8F6A-3F79AEF15E40}.Debug|x86.ActiveCfg = Debug|Win32
		{02C0D6EC-0C30-4512-8F6A-3F79AEF15E40}.Debug|x86.Build.0 = Debug|Win32
		{02C0D6EC-0C30-4512-8F6A-3F79AEF15E40}.Release|x64.ActiveCfg = Release|x64
		{02C0D6EC-0C30-4512-8F6A-3F79AEF15E40}.Release|x64.Build.0 = Release|x64
		{02C0D6EC-0C30-4512-8F6A-3F79AEF15E40}.Release|x86.ActiveCfg = Release|Win32
		{02C0D6EC-0C30-4512-8F6A-3F79AEF15E40}.Release|x86.Build.0 = Release|Win32
		{8DC71585-2362-45BA-AA7E-4DFBD2187A3E}.Debug|x64.ActiveCfg = Debug|x64
		{8DC71585-2362-45BA-AA7E-4DFBD2187A3E}.Debug|x64.Build.0 = Debug|x64
		{8DC71585-2362-45BA-AA7E-4DFBD2187A3E}.Debug|x86.ActiveCfg = Debug|Win32
		{8DC71585-2362-45BA-AA7E-4DFBD2187A3E}.Debug|x86.Build.0 = Debug|Win32
		{8DC71585-2362-45BA-AA7E-4DFBD2187A3E}.Release|x64.ActiveCfg = Release|x64
		{8DC71585-2362-45BA-AA7E-4DFBD2187A3E}.Release|x64.Build.0 = Release|x64
		{8DC71585-2362-45BA-AA7E-4DFBD2187A3E}.Release|x86.ActiveCfg = Release|Win32
		{8DC71585-2362-45BA-AA7E-4DFBD2187A3E}.Release|x86.Build.0 = Release|Win32
		{0273FB2E-1FEA-4533-96F4-20AF41890097}.Debug|x64.ActiveCfg = Debug|x64
		{0273FB2E-1FEA-4533-96F4-20AF41890097}.Debug|x64.Build.0 = Debug|x64
		{0273FB2E-1FEA-4533-96F4-20AF41890097}.Debug|x86.ActiveCfg = Debug|Win32
		{0273FB2E-1FEA-4533-96F4-20AF41890097}.Debug|x86.Build.0 = Debug|Win32
		{0273FB2E-1FEA-4533-96F4-20AF41890097}.Release|x64.ActiveCfg = Release|x64
		{0273FB2E-1FEA-4533-96F4-20AF41890097}.Release|x64.Build.0 = Release|x64
		{0273FB2E-1FEA-4533-96F4-20AF41890097}.Release|x86.ActiveCfg = Release|Win32
		{0273FB2E-1FEA-4533-96F4-20AF41890097}.Release|x86.Build.0 = Release|Win32
		{46DB5C89-D9EB-4686-B0CF-3D73F0D98769}.Debug|x64.ActiveCfg = Debug|x64
		{46DB5C89-D9EB-4686-B0CF-3D73F0D98769}.Debug|x64.Build.0 = Debug|x64
		{46DB5C89-D9EB-4686-B0CF-3D73F0D98769}.Debug|x86.ActiveCfg = Debug|Win32
		{46DB5C89-D9EB-4686-B0CF-3D73F0D98769}.Debug|x86.Build.0 = Debug|Win32
		{46DB5C89-D9EB-4686-B0CF-3D73F0D98769}.Release|x64.ActiveCfg = Release|x64
		{46DB5C89-D9EB-4686-B0CF-3D73F0D98769}.Release|x64.Build.0 = Release|x64
		{46DB5C89-D9EB-4686-B0CF-3D73F0D98769}.Release|x86.ActiveCfg = Release|Win32
		{46DB5C89-D9EB-4686-B0CF-3D73F0D98769}.Release|x86.Build.0 = Release|Win32
		{76F77B85-E368-49BB-8E8B-01B0DFDFD1AC}.Debug|x64.ActiveCfg = Debug|x64
		{76F77B85-E368-49BB-8E8B-01B0DFDFD1AC}.Debug|x64.Build.0 = Debug|x64
		{76F77B85-E368-49BB-8E8B-01B0DFDFD1AC}.Debug|x86.ActiveCfg = Debug|Win32
		{76F77B85-E368-49BB-8E8B-01B0DFDFD1AC}.Debug|x86.Build.0 = Debug|Win32
		{76F77B85-E368-49BB-8E8B-01B0DFDFD1AC}.Release|x64.ActiveCfg = Release|x64
		{76F77B85-E368-49BB-8E8B-01B0DFDFD1AC}.Release|x64.Build.0 = Release|x64
		{76F77B85-E368-49BB-8E8B-01B0DFDFD1AC}.Release|x86.ActiveCfg = Release|Win32
		{76F77B85-E368-49BB-8E8B-01B0DFDFD1AC}.Release|x86.Build.0 = Release|Win32
	EndGlobalSection
	GlobalSection(SolutionProperties) = preSolution
		HideSolutionNode = FALSE
	EndGlobalSection
	GlobalSection(ExtensibilityGlobals) = postSolution
		SolutionGuid = {A3F0D1DE-5DB3-47AA-8D56-1629353A3B10}
	EndGlobalSection
EndGlobal
